lockVersion: 2.0.0
id: 2b1681e9-ea96-4d86-882b-406bfdb15ae5
management:
  docChecksum: eb64a6a76bfb3db4a55f8a3a2cb59da3
  docVersion: 1.0.0
  speakeasyVersion: internal
  generationVersion: 2.237.3
  releaseVersion: 2.1.4
  configChecksum: 4886bff3f3304c8b19001676a1748c1d
  repoURL: https://github.com/speakeasy-sdks/test123.git
  repoSubDirectory: .
  installationURL: https://github.com/speakeasy-sdks/test123
features:
  typescript:
    acceptHeaders: 2.81.1
    core: 3.4.6
    globalSecurity: 2.82.2
    globalServerURLs: 2.82.1
    methodSecurity: 2.82.0
generatedFiles:
  - src/sdk/echo.ts
  - src/sdk/user.ts
  - src/sdk/sdk.ts
  - .eslintrc.yml
  - jest.config.js
  - package-lock.json
  - package.json
  - src/index.ts
  - src/internal/utils/contenttype.ts
  - src/internal/utils/headers.ts
  - src/internal/utils/index.ts
  - src/internal/utils/pathparams.ts
  - src/internal/utils/queryparams.ts
  - src/internal/utils/requestbody.ts
  - src/internal/utils/retries.ts
  - src/internal/utils/security.ts
  - src/internal/utils/utils.ts
  - src/sdk/index.ts
  - src/sdk/models/errors/sdkerror.ts
  - src/sdk/types/index.ts
  - src/sdk/types/rfcdate.ts
  - tsconfig.json
  - src/sdk/models/operations/echo.ts
  - src/sdk/models/operations/getuserbyname.ts
  - src/sdk/models/operations/updateuserjson.ts
  - src/sdk/models/operations/updateuserraw.ts
  - src/sdk/models/shared/schemebasicauth.ts
  - src/sdk/models/shared/user.ts
  - src/sdk/models/shared/security.ts
  - src/sdk/models/errors/index.ts
  - src/sdk/models/operations/index.ts
  - src/sdk/models/shared/index.ts
  - docs/sdk/models/operations/echosecurity.md
  - docs/sdk/models/operations/echoresponse.md
  - docs/sdk/models/operations/getuserbynamesecurity.md
  - docs/sdk/models/operations/getuserbynamerequest.md
  - docs/sdk/models/operations/getuserbynameresponse.md
  - docs/sdk/models/operations/updateuserjsonrequest.md
  - docs/sdk/models/operations/updateuserjsonresponse.md
  - docs/sdk/models/operations/updateuserrawrequest.md
  - docs/sdk/models/operations/updateuserrawresponse.md
  - docs/sdk/models/shared/schemebasicauth.md
  - docs/sdk/models/shared/user.md
  - docs/sdk/models/shared/security.md
  - docs/sdks/firstone/README.md
  - docs/sdks/echo/README.md
  - docs/sdks/user/README.md
  - USAGE.md
  - .gitattributes
